
Microsoft Visual Studio Solution File, Format Version 12.00
# Visual Studio 15
VisualStudioVersion = 15.0.27130.2020
MinimumVisualStudioVersion = 10.0.40219.1
Project("{8BC9CEB8-8B4A-11D0-8D11-00A0C91BC942}") = "launcher", "src\launcher\launcher.vcxproj", "{99ACCA4E-8748-4AAF-A38D-36DCD6F95A23}"
	ProjectSection(ProjectDependencies) = postProject
		{495A7C4E-D0D5-3895-9379-C2FD9EEC7E73} = {495A7C4E-D0D5-3895-9379-C2FD9EEC7E73}
	EndProjectSection
EndProject
Project("{8BC9CEB8-8B4A-11D0-8D11-00A0C91BC942}") = "launcher_main", "src\launcher_main\launcher_main.vcxproj", "{E6B3D7DC-E615-4F9E-8E14-E7AFE068E862}"
EndProject
Project("{2150E333-8FDC-42A3-9474-1A3956D46DE8}") = "Dependencies", "Dependencies", "{ACC819C7-E447-496B-8D73-C8D1ADECD842}"
EndProject
Project("{8BC9CEB8-8B4A-11D0-8D11-00A0C91BC942}") = "PolyHook_2", "libs\PolyHook_2_0\PolyHook_2.vcxproj", "{495A7C4E-D0D5-3895-9379-C2FD9EEC7E73}"
	ProjectSection(ProjectDependencies) = postProject
		{8E1B2977-7733-3039-9FFE-E4725BCA4910} = {8E1B2977-7733-3039-9FFE-E4725BCA4910}
	EndProjectSection
EndProject
Project("{8BC9CEB8-8B4A-11D0-8D11-00A0C91BC942}") = "capstone-static", "libs\PolyHook_2_0\capstone\build32\capstone-static.vcxproj", "{8E1B2977-7733-3039-9FFE-E4725BCA4910}"
EndProject
Project("{2150E333-8FDC-42A3-9474-1A3956D46DE8}") = "Plugins", "Plugins", "{F0877119-7428-49F2-AA66-C628E5F95B66}"
EndProject
Project("{8BC9CEB8-8B4A-11D0-8D11-00A0C91BC942}") = "MainPatch", "src\Plugins\MainPatch\MainPatch.vcxproj", "{F90954B2-50E8-4914-BF77-773D5541BC01}"
EndProject
Project("{8BC9CEB8-8B4A-11D0-8D11-00A0C91BC942}") = "Login", "src\Plugins\Login\Login.vcxproj", "{1F255322-311A-4276-97BA-22982BDCB2C0}"
EndProject
Global
	GlobalSection(SolutionConfigurationPlatforms) = preSolution
		Debug|x64 = Debug|x64
		Debug|x86 = Debug|x86
		MinSizeRel|x64 = MinSizeRel|x64
		MinSizeRel|x86 = MinSizeRel|x86
		Release|x64 = Release|x64
		Release|x86 = Release|x86
		RelWithDebInfo|x64 = RelWithDebInfo|x64
		RelWithDebInfo|x86 = RelWithDebInfo|x86
	EndGlobalSection
	GlobalSection(ProjectConfigurationPlatforms) = postSolution
		{99ACCA4E-8748-4AAF-A38D-36DCD6F95A23}.Debug|x64.ActiveCfg = Debug|Win32
		{99ACCA4E-8748-4AAF-A38D-36DCD6F95A23}.Debug|x86.ActiveCfg = Debug|Win32
		{99ACCA4E-8748-4AAF-A38D-36DCD6F95A23}.Debug|x86.Build.0 = Debug|Win32
		{99ACCA4E-8748-4AAF-A38D-36DCD6F95A23}.MinSizeRel|x64.ActiveCfg = Release|Win32
		{99ACCA4E-8748-4AAF-A38D-36DCD6F95A23}.MinSizeRel|x64.Build.0 = Release|Win32
		{99ACCA4E-8748-4AAF-A38D-36DCD6F95A23}.MinSizeRel|x86.ActiveCfg = Release|Win32
		{99ACCA4E-8748-4AAF-A38D-36DCD6F95A23}.MinSizeRel|x86.Build.0 = Release|Win32
		{99ACCA4E-8748-4AAF-A38D-36DCD6F95A23}.Release|x64.ActiveCfg = Release|Win32
		{99ACCA4E-8748-4AAF-A38D-36DCD6F95A23}.Release|x86.ActiveCfg = Release|Win32
		{99ACCA4E-8748-4AAF-A38D-36DCD6F95A23}.Release|x86.Build.0 = Release|Win32
		{99ACCA4E-8748-4AAF-A38D-36DCD6F95A23}.RelWithDebInfo|x64.ActiveCfg = Release|Win32
		{99ACCA4E-8748-4AAF-A38D-36DCD6F95A23}.RelWithDebInfo|x64.Build.0 = Release|Win32
		{99ACCA4E-8748-4AAF-A38D-36DCD6F95A23}.RelWithDebInfo|x86.ActiveCfg = Release|Win32
		{99ACCA4E-8748-4AAF-A38D-36DCD6F95A23}.RelWithDebInfo|x86.Build.0 = Release|Win32
		{E6B3D7DC-E615-4F9E-8E14-E7AFE068E862}.Debug|x64.ActiveCfg = Debug|Win32
		{E6B3D7DC-E615-4F9E-8E14-E7AFE068E862}.Debug|x86.ActiveCfg = Debug|Win32
		{E6B3D7DC-E615-4F9E-8E14-E7AFE068E862}.Debug|x86.Build.0 = Debug|Win32
		{E6B3D7DC-E615-4F9E-8E14-E7AFE068E862}.MinSizeRel|x64.ActiveCfg = Release|Win32
		{E6B3D7DC-E615-4F9E-8E14-E7AFE068E862}.MinSizeRel|x64.Build.0 = Release|Win32
		{E6B3D7DC-E615-4F9E-8E14-E7AFE068E862}.MinSizeRel|x86.ActiveCfg = Release|Win32
		{E6B3D7DC-E615-4F9E-8E14-E7AFE068E862}.MinSizeRel|x86.Build.0 = Release|Win32
		{E6B3D7DC-E615-4F9E-8E14-E7AFE068E862}.Release|x64.ActiveCfg = Release|Win32
		{E6B3D7DC-E615-4F9E-8E14-E7AFE068E862}.Release|x86.ActiveCfg = Release|Win32
		{E6B3D7DC-E615-4F9E-8E14-E7AFE068E862}.Release|x86.Build.0 = Release|Win32
		{E6B3D7DC-E615-4F9E-8E14-E7AFE068E862}.RelWithDebInfo|x64.ActiveCfg = Release|Win32
		{E6B3D7DC-E615-4F9E-8E14-E7AFE068E862}.RelWithDebInfo|x64.Build.0 = Release|Win32
		{E6B3D7DC-E615-4F9E-8E14-E7AFE068E862}.RelWithDebInfo|x86.ActiveCfg = Release|Win32
		{E6B3D7DC-E615-4F9E-8E14-E7AFE068E862}.RelWithDebInfo|x86.Build.0 = Release|Win32
		{495A7C4E-D0D5-3895-9379-C2FD9EEC7E73}.Debug|x64.ActiveCfg = Debug|Win32
		{495A7C4E-D0D5-3895-9379-C2FD9EEC7E73}.Debug|x86.ActiveCfg = Debug|Win32
		{495A7C4E-D0D5-3895-9379-C2FD9EEC7E73}.Debug|x86.Build.0 = Debug|Win32
		{495A7C4E-D0D5-3895-9379-C2FD9EEC7E73}.MinSizeRel|x64.ActiveCfg = MinSizeRel|Win32
		{495A7C4E-D0D5-3895-9379-C2FD9EEC7E73}.MinSizeRel|x86.ActiveCfg = MinSizeRel|Win32
		{495A7C4E-D0D5-3895-9379-C2FD9EEC7E73}.MinSizeRel|x86.Build.0 = MinSizeRel|Win32
		{495A7C4E-D0D5-3895-9379-C2FD9EEC7E73}.Release|x64.ActiveCfg = Release|Win32
		{495A7C4E-D0D5-3895-9379-C2FD9EEC7E73}.Release|x86.ActiveCfg = RelWithDebInfo|Win32
		{495A7C4E-D0D5-3895-9379-C2FD9EEC7E73}.Release|x86.Build.0 = RelWithDebInfo|Win32
		{495A7C4E-D0D5-3895-9379-C2FD9EEC7E73}.RelWithDebInfo|x64.ActiveCfg = RelWithDebInfo|Win32
		{495A7C4E-D0D5-3895-9379-C2FD9EEC7E73}.RelWithDebInfo|x86.ActiveCfg = RelWithDebInfo|Win32
		{495A7C4E-D0D5-3895-9379-C2FD9EEC7E73}.RelWithDebInfo|x86.Build.0 = RelWithDebInfo|Win32
		{8E1B2977-7733-3039-9FFE-E4725BCA4910}.Debug|x64.ActiveCfg = Debug|Win32
		{8E1B2977-7733-3039-9FFE-E4725BCA4910}.Debug|x86.ActiveCfg = Debug|Win32
		{8E1B2977-7733-3039-9FFE-E4725BCA4910}.Debug|x86.Build.0 = Debug|Win32
		{8E1B2977-7733-3039-9FFE-E4725BCA4910}.MinSizeRel|x64.ActiveCfg = MinSizeRel|Win32
		{8E1B2977-7733-3039-9FFE-E4725BCA4910}.MinSizeRel|x86.ActiveCfg = MinSizeRel|Win32
		{8E1B2977-7733-3039-9FFE-E4725BCA4910}.MinSizeRel|x86.Build.0 = MinSizeRel|Win32
		{8E1B2977-7733-3039-9FFE-E4725BCA4910}.Release|x64.ActiveCfg = Release|Win32
		{8E1B2977-7733-3039-9FFE-E4725BCA4910}.Release|x86.ActiveCfg = Release|Win32
		{8E1B2977-7733-3039-9FFE-E4725BCA4910}.Release|x86.Build.0 = Release|Win32
		{8E1B2977-7733-3039-9FFE-E4725BCA4910}.RelWithDebInfo|x64.ActiveCfg = RelWithDebInfo|Win32
		{8E1B2977-7733-3039-9FFE-E4725BCA4910}.RelWithDebInfo|x86.ActiveCfg = RelWithDebInfo|Win32
		{8E1B2977-7733-3039-9FFE-E4725BCA4910}.RelWithDebInfo|x86.Build.0 = RelWithDebInfo|Win32
		{F90954B2-50E8-4914-BF77-773D5541BC01}.Debug|x64.ActiveCfg = Debug|x64
		{F90954B2-50E8-4914-BF77-773D5541BC01}.Debug|x64.Build.0 = Debug|x64
		{F90954B2-50E8-4914-BF77-773D5541BC01}.Debug|x86.ActiveCfg = Debug|Win32
		{F90954B2-50E8-4914-BF77-773D5541BC01}.Debug|x86.Build.0 = Debug|Win32
		{F90954B2-50E8-4914-BF77-773D5541BC01}.MinSizeRel|x64.ActiveCfg = Release|x64
		{F90954B2-50E8-4914-BF77-773D5541BC01}.MinSizeRel|x64.Build.0 = Release|x64
		{F90954B2-50E8-4914-BF77-773D5541BC01}.MinSizeRel|x86.ActiveCfg = Release|Win32
		{F90954B2-50E8-4914-BF77-773D5541BC01}.MinSizeRel|x86.Build.0 = Release|Win32
		{F90954B2-50E8-4914-BF77-773D5541BC01}.Release|x64.ActiveCfg = Release|x64
		{F90954B2-50E8-4914-BF77-773D5541BC01}.Release|x64.Build.0 = Release|x64
		{F90954B2-50E8-4914-BF77-773D5541BC01}.Release|x86.ActiveCfg = Release|Win32
		{F90954B2-50E8-4914-BF77-773D5541BC01}.Release|x86.Build.0 = Release|Win32
		{F90954B2-50E8-4914-BF77-773D5541BC01}.RelWithDebInfo|x64.ActiveCfg = Release|x64
		{F90954B2-50E8-4914-BF77-773D5541BC01}.RelWithDebInfo|x64.Build.0 = Release|x64
		{F90954B2-50E8-4914-BF77-773D5541BC01}.RelWithDebInfo|x86.ActiveCfg = Release|Win32
		{F90954B2-50E8-4914-BF77-773D5541BC01}.RelWithDebInfo|x86.Build.0 = Release|Win32
		{1F255322-311A-4276-97BA-22982BDCB2C0}.Debug|x64.ActiveCfg = Debug|x64
		{1F255322-311A-4276-97BA-22982BDCB2C0}.Debug|x64.Build.0 = Debug|x64
		{1F255322-311A-4276-97BA-22982BDCB2C0}.Debug|x86.ActiveCfg = Debug|Win32
		{1F255322-311A-4276-97BA-22982BDCB2C0}.Debug|x86.Build.0 = Debug|Win32
		{1F255322-311A-4276-97BA-22982BDCB2C0}.MinSizeRel|x64.ActiveCfg = Release|x64
		{1F255322-311A-4276-97BA-22982BDCB2C0}.MinSizeRel|x64.Build.0 = Release|x64
		{1F255322-311A-4276-97BA-22982BDCB2C0}.MinSizeRel|x86.ActiveCfg = Release|Win32
		{1F255322-311A-4276-97BA-22982BDCB2C0}.MinSizeRel|x86.Build.0 = Release|Win32
		{1F255322-311A-4276-97BA-22982BDCB2C0}.Release|x64.ActiveCfg = Release|x64
		{1F255322-311A-4276-97BA-22982BDCB2C0}.Release|x64.Build.0 = Release|x64
		{1F255322-311A-4276-97BA-22982BDCB2C0}.Release|x86.ActiveCfg = Release|Win32
		{1F255322-311A-4276-97BA-22982BDCB2C0}.Release|x86.Build.0 = Release|Win32
		{1F255322-311A-4276-97BA-22982BDCB2C0}.RelWithDebInfo|x64.ActiveCfg = Release|x64
		{1F255322-311A-4276-97BA-22982BDCB2C0}.RelWithDebInfo|x64.Build.0 = Release|x64
		{1F255322-311A-4276-97BA-22982BDCB2C0}.RelWithDebInfo|x86.ActiveCfg = Release|Win32
		{1F255322-311A-4276-97BA-22982BDCB2C0}.RelWithDebInfo|x86.Build.0 = Release|Win32
	EndGlobalSection
	GlobalSection(SolutionProperties) = preSolution
		HideSolutionNode = FALSE
	EndGlobalSection
	GlobalSection(NestedProjects) = preSolution
		{495A7C4E-D0D5-3895-9379-C2FD9EEC7E73} = {ACC819C7-E447-496B-8D73-C8D1ADECD842}
		{8E1B2977-7733-3039-9FFE-E4725BCA4910} = {ACC819C7-E447-496B-8D73-C8D1ADECD842}
		{F90954B2-50E8-4914-BF77-773D5541BC01} = {F0877119-7428-49F2-AA66-C628E5F95B66}
		{1F255322-311A-4276-97BA-22982BDCB2C0} = {F0877119-7428-49F2-AA66-C628E5F95B66}
	EndGlobalSection
	GlobalSection(ExtensibilityGlobals) = postSolution
		SolutionGuid = {803935D6-D83B-49C9-B156-0D95FD342AFA}
	EndGlobalSection
EndGlobal
